{
	"requires": true,
	"lockfileVersion": 1,
	"dependencies": {
		"apollo-server-express": {
			"version": "1.4.0",
			"resolved": "https://registry.npmjs.org/apollo-server-express/-/apollo-server-express-1.4.0.tgz",
			"integrity": "sha512-zkH00nxhLnJfO0HgnNPBTfZw8qI5ILaPZ5TecMCI9+Y9Ssr2b0bFr9pBRsXy9eudPhI+/O4yqegSUsnLdF/CPw==",
			"requires": {
				"apollo-server-core": "^1.4.0",
				"apollo-server-module-graphiql": "^1.4.0"
			},
			"dependencies": {
				"apollo-cache-control": {
					"version": "0.1.1",
					"resolved": "https://registry.npmjs.org/apollo-cache-control/-/apollo-cache-control-0.1.1.tgz",
					"integrity": "sha512-XJQs167e9u+e5ybSi51nGYr70NPBbswdvTEHtbtXbwkZ+n9t0SLPvUcoqceayOSwjK1XYOdU/EKPawNdb3rLQA==",
					"requires": {
						"graphql-extensions": "^0.0.x"
					}
				},
				"apollo-server-core": {
					"version": "1.4.0",
					"resolved": "https://registry.npmjs.org/apollo-server-core/-/apollo-server-core-1.4.0.tgz",
					"integrity": "sha512-BP1Vh39krgEjkQxbjTdBURUjLHbFq1zeOChDJgaRsMxGtlhzuLWwwC6lLdPatN8jEPbeHq8Tndp9QZ3iQZOKKA==",
					"requires": {
						"apollo-cache-control": "^0.1.0",
						"apollo-tracing": "^0.1.0",
						"graphql-extensions": "^0.0.x"
					}
				},
				"apollo-server-module-graphiql": {
					"version": "1.4.0",
					"resolved": "https://registry.npmjs.org/apollo-server-module-graphiql/-/apollo-server-module-graphiql-1.4.0.tgz",
					"integrity": "sha512-GmkOcb5he2x5gat+TuiTvabnBf1m4jzdecal3XbXBh/Jg+kx4hcvO3TTDFQ9CuTprtzdcVyA11iqG7iOMOt7vA=="
				},
				"apollo-tracing": {
					"version": "0.1.4",
					"resolved": "https://registry.npmjs.org/apollo-tracing/-/apollo-tracing-0.1.4.tgz",
					"integrity": "sha512-Uv+1nh5AsNmC3m130i2u3IqbS+nrxyVV3KYimH5QKsdPjxxIQB3JAT+jJmpeDxBel8gDVstNmCh82QSLxLSIdQ==",
					"requires": {
						"graphql-extensions": "~0.0.9"
					}
				},
				"buffer-from": {
					"version": "1.1.1",
					"resolved": "https://registry.npmjs.org/buffer-from/-/buffer-from-1.1.1.tgz",
					"integrity": "sha512-MQcXEUbCKtEo7bhqEs6560Hyd4XaovZlO/k9V3hjVUF/zwW7KBVdSK4gIt/bzwS9MbR5qob+F5jusZsb0YQK2A=="
				},
				"core-js": {
					"version": "2.6.10",
					"resolved": "https://registry.npmjs.org/core-js/-/core-js-2.6.10.tgz",
					"integrity": "sha512-I39t74+4t+zau64EN1fE5v2W31Adtc/REhzWN+gWRRXg6WH5qAsZm62DHpQ1+Yhe4047T55jvzz7MUqF/dBBlA=="
				},
				"graphql-extensions": {
					"version": "0.0.10",
					"resolved": "https://registry.npmjs.org/graphql-extensions/-/graphql-extensions-0.0.10.tgz",
					"integrity": "sha512-TnQueqUDCYzOSrpQb3q1ngDSP2otJSF+9yNLrQGPzkMsvnQ+v6e2d5tl+B35D4y+XpmvVnAn4T3ZK28mkILveA==",
					"requires": {
						"core-js": "^2.5.3",
						"source-map-support": "^0.5.1"
					}
				},
				"source-map": {
					"version": "0.6.1",
					"resolved": "https://registry.npmjs.org/source-map/-/source-map-0.6.1.tgz",
					"integrity": "sha512-UjgapumWlbMhkBgzT7Ykc5YXUT46F0iKu8SGXq0bcwP5dz/h0Plj6enJqjz1Zbq2l5WaqYnrVbwWOWMyF3F47g=="
				},
				"source-map-support": {
					"version": "0.5.16",
					"resolved": "https://registry.npmjs.org/source-map-support/-/source-map-support-0.5.16.tgz",
					"integrity": "sha512-efyLRJDr68D9hBBNIPWFjhpFzURh+KJykQwvMyW5UiZzYwoF6l4YMMDIJJEyFWxWCqfyxLzz6tSfUFR+kXXsVQ==",
					"requires": {
						"buffer-from": "^1.0.0",
						"source-map": "^0.6.0"
					}
				}
			}
		}
	}
}
