{
  "name": "@arranger/middleware",
  "version": "2.19.3",
  "lockfileVersion": 2,
  "requires": true,
  "packages": {
    "": {
      "name": "@arranger/middleware",
      "version": "2.19.3",
      "license": "AGPL-3.0-or-later",
      "dependencies": {
        "date-fns": "^1.29.0"
      }
    },
    "node_modules/date-fns": {
      "version": "1.30.1",
      "resolved": "https://registry.npmjs.org/date-fns/-/date-fns-1.30.1.tgz",
      "integrity": "sha512-hBSVCvSmWC+QypYObzwGOd9wqdDpOt+0wl0KbU+R+uuZBS1jN8VsD1ss3irQDknRj5NvxiTF6oj/nDRnN/UQNw=="
    }
  },
  "dependencies": {
    "date-fns": {
      "version": "1.30.1",
      "resolved": "https://registry.npmjs.org/date-fns/-/date-fns-1.30.1.tgz",
      "integrity": "sha512-hBSVCvSmWC+QypYObzwGOd9wqdDpOt+0wl0KbU+R+uuZBS1jN8VsD1ss3irQDknRj5NvxiTF6oj/nDRnN/UQNw=="
    }
  }
}
