{
  "name": "integration-tests-import",
  "version": "3.0.0-beta.6",
  "lockfileVersion": 2,
  "requires": true,
  "packages": {
    "": {
      "name": "integration-tests-import",
      "version": "3.0.0-beta.3",
      "devDependencies": {
        "jest-localstorage-mock": "^2.2.0"
      }
    },
    "node_modules/jest-localstorage-mock": {
      "version": "2.4.17",
      "resolved": "https://registry.npmjs.org/jest-localstorage-mock/-/jest-localstorage-mock-2.4.17.tgz",
      "integrity": "sha512-Rs1i1Dbz2j8lRgpRuTAXCp8jHjYn1dgmldBCQy08yLu3K+Ujz9em9WEu9ZZlM0WYsoUlJZDU1jUXL+dVsSWfLg==",
      "dev": true,
      "engines": {
        "node": ">=6.16.0"
      }
    }
  },
  "dependencies": {
    "jest-localstorage-mock": {
      "version": "2.4.17",
      "resolved": "https://registry.npmjs.org/jest-localstorage-mock/-/jest-localstorage-mock-2.4.17.tgz",
      "integrity": "sha512-Rs1i1Dbz2j8lRgpRuTAXCp8jHjYn1dgmldBCQy08yLu3K+Ujz9em9WEu9ZZlM0WYsoUlJZDU1jUXL+dVsSWfLg==",
      "dev": true
    }
  }
}
