{
  "name": "@arranger/components",
  "version": "2.6.1",
  "lockfileVersion": 1,
  "requires": true,
  "dependencies": {
    "@babel/plugin-proposal-optional-chaining": {
      "version": "7.11.0",
      "resolved": "https://registry.npmjs.org/@babel/plugin-proposal-optional-chaining/-/plugin-proposal-optional-chaining-7.11.0.tgz",
      "integrity": "sha512-v9fZIu3Y8562RRwhm1BbMRxtqZNFmFA2EG+pT2diuU8PT3H6T/KXoZ54KgYisfOFZHV6PfvAiBIZ9Rcz+/JCxA==",
      "dev": true,
      "requires": {
        "@babel/helper-plugin-utils": "^7.10.4",
        "@babel/helper-skip-transparent-expression-wrappers": "^7.11.0",
        "@babel/plugin-syntax-optional-chaining": "^7.8.0"
      },
      "dependencies": {
        "@babel/helper-plugin-utils": {
          "version": "7.10.4",
          "resolved": "https://registry.npmjs.org/@babel/helper-plugin-utils/-/helper-plugin-utils-7.10.4.tgz",
          "integrity": "sha512-O4KCvQA6lLiMU9l2eawBPMf1xPP8xPfB3iEQw150hOVTqj/rfXz0ThTb4HEzqQfs2Bmo5Ay8BzxfzVtBrr9dVg==",
          "dev": true
        },
        "@babel/helper-skip-transparent-expression-wrappers": {
          "version": "7.11.0",
          "resolved": "https://registry.npmjs.org/@babel/helper-skip-transparent-expression-wrappers/-/helper-skip-transparent-expression-wrappers-7.11.0.tgz",
          "integrity": "sha512-0XIdiQln4Elglgjbwo9wuJpL/K7AGCY26kmEt0+pRP0TAj4jjyNq1MjoRvikrTVqKcx4Gysxt4cXvVFXP/JO2Q==",
          "dev": true,
          "requires": {
            "@babel/types": "^7.11.0"
          }
        },
        "@babel/helper-validator-identifier": {
          "version": "7.10.4",
          "resolved": "https://registry.npmjs.org/@babel/helper-validator-identifier/-/helper-validator-identifier-7.10.4.tgz",
          "integrity": "sha512-3U9y+43hz7ZM+rzG24Qe2mufW5KhvFg/NhnNph+i9mgCtdTCtMJuI1TMkrIUiK7Ix4PYlRF9I5dhqaLYA/ADXw==",
          "dev": true
        },
        "@babel/plugin-syntax-optional-chaining": {
          "version": "7.8.3",
          "resolved": "https://registry.npmjs.org/@babel/plugin-syntax-optional-chaining/-/plugin-syntax-optional-chaining-7.8.3.tgz",
          "integrity": "sha512-KoK9ErH1MBlCPxV0VANkXW2/dw4vlbGDrFgz8bmUsBGYkFRcbRwMh6cIJubdPrkxRwuGdtCk0v/wPTKbQgBjkg==",
          "dev": true,
          "requires": {
            "@babel/helper-plugin-utils": "^7.8.0"
          }
        },
        "@babel/types": {
          "version": "7.11.5",
          "resolved": "https://registry.npmjs.org/@babel/types/-/types-7.11.5.tgz",
          "integrity": "sha512-bvM7Qz6eKnJVFIn+1LPtjlBFPVN5jNDc1XmN15vWe7Q3DPBufWWsLiIvUu7xW87uTG6QoggpIDnUgLQvPheU+Q==",
          "dev": true,
          "requires": {
            "@babel/helper-validator-identifier": "^7.10.4",
            "lodash": "^4.17.19",
            "to-fast-properties": "^2.0.0"
          }
        },
        "to-fast-properties": {
          "version": "2.0.0",
          "resolved": "https://registry.npmjs.org/to-fast-properties/-/to-fast-properties-2.0.0.tgz",
          "integrity": "sha1-3F5pjL0HkmW8c+A3doGk5Og/YW4=",
          "dev": true
        }
      }
    },
    "lodash": {
      "version": "4.17.20",
      "resolved": "https://registry.npmjs.org/lodash/-/lodash-4.17.20.tgz",
      "integrity": "sha512-PlhdFcillOINfeV7Ni6oF1TAEayyZBoZ8bcshTHqOYJYlrqzRK5hagpagky5o4HfCzzd1TRkXPMFq6cKk9rGmA==",
      "dev": true
    }
  }
}
