{
  "name": "@arranger/schema",
  "version": "2.19.3",
  "lockfileVersion": 1,
  "requires": true,
  "dependencies": {
    "paralleljs": {
      "version": "0.2.1",
      "resolved": "https://registry.npmjs.org/paralleljs/-/paralleljs-0.2.1.tgz",
      "integrity": "sha512-msRXP0u+C6tIzBYWuYR+uDWHh5U6W/qM8vE9qIqMOU1xkyxtdMQtWA4tjTcw3uqMZAVN36zdaOwYAoKXkg2Uzg=="
    }
  }
}
