{
  "name": "@arranger/schema",
  "version": "2.19.3",
  "lockfileVersion": 2,
  "requires": true,
  "packages": {
    "": {
      "name": "@arranger/schema",
      "version": "2.19.3",
      "license": "AGPL-3.0-or-later",
      "dependencies": {
        "paralleljs": "^0.2.1"
      },
      "peerDependencies": {
        "graphql": "^14.5.3"
      }
    },
    "node_modules/paralleljs": {
      "version": "0.2.1",
      "resolved": "https://registry.npmjs.org/paralleljs/-/paralleljs-0.2.1.tgz",
      "integrity": "sha512-msRXP0u+C6tIzBYWuYR+uDWHh5U6W/qM8vE9qIqMOU1xkyxtdMQtWA4tjTcw3uqMZAVN36zdaOwYAoKXkg2Uzg==",
      "engines": {
        "node": ">=0.9.10"
      }
    }
  },
  "dependencies": {
    "paralleljs": {
      "version": "0.2.1",
      "resolved": "https://registry.npmjs.org/paralleljs/-/paralleljs-0.2.1.tgz",
      "integrity": "sha512-msRXP0u+C6tIzBYWuYR+uDWHh5U6W/qM8vE9qIqMOU1xkyxtdMQtWA4tjTcw3uqMZAVN36zdaOwYAoKXkg2Uzg=="
    }
  }
}
