{
  "name": "@arranger/admin-ui",
  "version": "2.19.3",
  "lockfileVersion": 1,
  "requires": true,
  "dependencies": {
    "@types/node": {
      "version": "13.13.52",
      "resolved": "https://registry.npmjs.org/@types/node/-/node-13.13.52.tgz",
      "integrity": "sha512-s3nugnZumCC//n4moGGe6tkNMyYEdaDBitVjwPxXmR5lnMG5dHePinH2EdxkG3Rh1ghFHHixAG4NJhpJW1rthQ=="
    }
  }
}
